
Microsoft Visual Studio Solution File, Format Version 12.00
# Visual Studio 15
Project("{FAE04EC0-301F-11D3-BF4B-00C04F79EFBC}") = "MagicaCloth", "MagicaCloth.csproj", "{482FF93F-B21D-3B8B-0A00-7772B50750E7}"
EndProject
Project("{FAE04EC0-301F-11D3-BF4B-00C04F79EFBC}") = "Assembly-CSharp", "Assembly-CSharp.csproj", "{BE5281BC-1D92-0D8B-8486-93B8F2042517}"
EndProject
Project("{FAE04EC0-301F-11D3-BF4B-00C04F79EFBC}") = "MagicaCloth.Editor", "MagicaCloth.Editor.csproj", "{00E26223-2FD5-2608-BBF1-CED62161265C}"
EndProject
Project("{FAE04EC0-301F-11D3-BF4B-00C04F79EFBC}") = "ThryAssemblyDefinition", "ThryAssemblyDefinition.csproj", "{FCB3B7B4-0237-6570-EC44-D719187B4FC5}"
EndProject
Project("{FAE04EC0-301F-11D3-BF4B-00C04F79EFBC}") = "Assembly-CSharp-Editor", "Assembly-CSharp-Editor.csproj", "{293DBCC6-B660-FF3D-B03F-9E72AC253F2E}"
EndProject
Global
	GlobalSection(SolutionConfigurationPlatforms) = preSolution
		Debug|Any CPU = Debug|Any CPU
		Release|Any CPU = Release|Any CPU
	EndGlobalSection
	GlobalSection(ProjectConfigurationPlatforms) = postSolution
		{482FF93F-B21D-3B8B-0A00-7772B50750E7}.Debug|Any CPU.ActiveCfg = Debug|Any CPU
		{482FF93F-B21D-3B8B-0A00-7772B50750E7}.Debug|Any CPU.Build.0 = Debug|Any CPU
		{482FF93F-B21D-3B8B-0A00-7772B50750E7}.Release|Any CPU.ActiveCfg = Release|Any CPU
		{482FF93F-B21D-3B8B-0A00-7772B50750E7}.Release|Any CPU.Build.0 = Release|Any CPU
		{BE5281BC-1D92-0D8B-8486-93B8F2042517}.Debug|Any CPU.ActiveCfg = Debug|Any CPU
		{BE5281BC-1D92-0D8B-8486-93B8F2042517}.Debug|Any CPU.Build.0 = Debug|Any CPU
		{BE5281BC-1D92-0D8B-8486-93B8F2042517}.Release|Any CPU.ActiveCfg = Release|Any CPU
		{BE5281BC-1D92-0D8B-8486-93B8F2042517}.Release|Any CPU.Build.0 = Release|Any CPU
		{00E26223-2FD5-2608-BBF1-CED62161265C}.Debug|Any CPU.ActiveCfg = Debug|Any CPU
		{00E26223-2FD5-2608-BBF1-CED62161265C}.Debug|Any CPU.Build.0 = Debug|Any CPU
		{00E26223-2FD5-2608-BBF1-CED62161265C}.Release|Any CPU.ActiveCfg = Release|Any CPU
		{00E26223-2FD5-2608-BBF1-CED62161265C}.Release|Any CPU.Build.0 = Release|Any CPU
		{FCB3B7B4-0237-6570-EC44-D719187B4FC5}.Debug|Any CPU.ActiveCfg = Debug|Any CPU
		{FCB3B7B4-0237-6570-EC44-D719187B4FC5}.Debug|Any CPU.Build.0 = Debug|Any CPU
		{FCB3B7B4-0237-6570-EC44-D719187B4FC5}.Release|Any CPU.ActiveCfg = Release|Any CPU
		{FCB3B7B4-0237-6570-EC44-D719187B4FC5}.Release|Any CPU.Build.0 = Release|Any CPU
		{293DBCC6-B660-FF3D-B03F-9E72AC253F2E}.Debug|Any CPU.ActiveCfg = Debug|Any CPU
		{293DBCC6-B660-FF3D-B03F-9E72AC253F2E}.Debug|Any CPU.Build.0 = Debug|Any CPU
		{293DBCC6-B660-FF3D-B03F-9E72AC253F2E}.Release|Any CPU.ActiveCfg = Release|Any CPU
		{293DBCC6-B660-FF3D-B03F-9E72AC253F2E}.Release|Any CPU.Build.0 = Release|Any CPU
	EndGlobalSection
	GlobalSection(SolutionProperties) = preSolution
		HideSolutionNode = FALSE
	EndGlobalSection
EndGlobal
